
Microsoft Visual Studio Solution File, Format Version 12.00
# Visual Studio 14
VisualStudioVersion = 14.0.25123.0
MinimumVisualStudioVersion = 10.0.40219.1
Project("{FAE04EC0-301F-11D3-BF4B-00C04F79EFBC}") = "NumeralSys", "23-based num sys\NumeralSys.csproj", "{74B104C2-7320-4279-81B2-F2FD70EFF951}"
EndProject
Project("{FAE04EC0-301F-11D3-BF4B-00C04F79EFBC}") = "BitShiftMatrix", "BitShiftMatrix\BitShiftMatrix.csproj", "{EC74F945-B7B1-491D-A874-3CEF09775DA0}"
EndProject
Project("{FAE04EC0-301F-11D3-BF4B-00C04F79EFBC}") = "IncreasingAbsoluteDifference", "IncreasingAbsoluteDifference\IncreasingAbsoluteDifference.csproj", "{2229923F-1211-405E-8517-31D56FD106C6}"
EndProject
Global
	GlobalSection(SolutionConfigurationPlatforms) = preSolution
		Debug|Any CPU = Debug|Any CPU
		Release|Any CPU = Release|Any CPU
	EndGlobalSection
	GlobalSection(ProjectConfigurationPlatforms) = postSolution
		{74B104C2-7320-4279-81B2-F2FD70EFF951}.Debug|Any CPU.ActiveCfg = Debug|Any CPU
		{74B104C2-7320-4279-81B2-F2FD70EFF951}.Debug|Any CPU.Build.0 = Debug|Any CPU
		{74B104C2-7320-4279-81B2-F2FD70EFF951}.Release|Any CPU.ActiveCfg = Release|Any CPU
		{74B104C2-7320-4279-81B2-F2FD70EFF951}.Release|Any CPU.Build.0 = Release|Any CPU
		{EC74F945-B7B1-491D-A874-3CEF09775DA0}.Debug|Any CPU.ActiveCfg = Debug|Any CPU
		{EC74F945-B7B1-491D-A874-3CEF09775DA0}.Debug|Any CPU.Build.0 = Debug|Any CPU
		{EC74F945-B7B1-491D-A874-3CEF09775DA0}.Release|Any CPU.ActiveCfg = Release|Any CPU
		{EC74F945-B7B1-491D-A874-3CEF09775DA0}.Release|Any CPU.Build.0 = Release|Any CPU
		{2229923F-1211-405E-8517-31D56FD106C6}.Debug|Any CPU.ActiveCfg = Debug|Any CPU
		{2229923F-1211-405E-8517-31D56FD106C6}.Debug|Any CPU.Build.0 = Debug|Any CPU
		{2229923F-1211-405E-8517-31D56FD106C6}.Release|Any CPU.ActiveCfg = Release|Any CPU
		{2229923F-1211-405E-8517-31D56FD106C6}.Release|Any CPU.Build.0 = Release|Any CPU
	EndGlobalSection
	GlobalSection(SolutionProperties) = preSolution
		HideSolutionNode = FALSE
	EndGlobalSection
EndGlobal
